
Microsoft Visual Studio Solution File, Format Version 12.00
# Visual Studio Version 16
VisualStudioVersion = 16.0.30626.31
MinimumVisualStudioVersion = 10.0.40219.1
Project("{2150E333-8FDC-42A3-9474-1A3956D46DE8}") = "ShopManagement", "ShopManagement", "{CB565208-3074-4D1F-9996-E53BDDDCEDCD}"
EndProject
Project("{2150E333-8FDC-42A3-9474-1A3956D46DE8}") = "SM.Domain", "SM.Domain", "{CA16D6D3-4320-433A-847E-3FF5C9F2421B}"
EndProject
Project("{9A19103F-16F7-4668-BE54-9A1E7A4F7556}") = "ShopManagement.Domain", "ShopManagement\SM.Domain\ShopManagement.Domain\ShopManagement.Domain.csproj", "{A14DDA92-0BCA-45A0-AAE3-A694BB9BF44A}"
EndProject
Project("{FAE04EC0-301F-11D3-BF4B-00C04F79EFBC}") = "_0_Framework", "_0_Framework\_0_Framework.csproj", "{0A3F5AC5-06D8-41EF-BF30-C168278A233F}"
EndProject
Project("{2150E333-8FDC-42A3-9474-1A3956D46DE8}") = "SM.Application", "SM.Application", "{669DED3C-BC68-4E0D-B132-E496BC47F17B}"
EndProject
Project("{FAE04EC0-301F-11D3-BF4B-00C04F79EFBC}") = "ShopManagement.Application.Contract", "ShopManagement\SM.Application\ShopManagement.Application.Contract\ShopManagement.Application.Contract.csproj", "{36068A4A-E27D-416F-8BDB-E2B966BBB88F}"
EndProject
Project("{FAE04EC0-301F-11D3-BF4B-00C04F79EFBC}") = "ShopManagement.Application", "ShopManagement\SM.Application\ShopManagement.Application\ShopManagement.Application.csproj", "{4FAAE509-C2DE-4E2F-A683-58D1026B9AB0}"
EndProject
Global
	GlobalSection(SolutionConfigurationPlatforms) = preSolution
		Debug|Any CPU = Debug|Any CPU
		Release|Any CPU = Release|Any CPU
	EndGlobalSection
	GlobalSection(ProjectConfigurationPlatforms) = postSolution
		{A14DDA92-0BCA-45A0-AAE3-A694BB9BF44A}.Debug|Any CPU.ActiveCfg = Debug|Any CPU
		{A14DDA92-0BCA-45A0-AAE3-A694BB9BF44A}.Debug|Any CPU.Build.0 = Debug|Any CPU
		{A14DDA92-0BCA-45A0-AAE3-A694BB9BF44A}.Release|Any CPU.ActiveCfg = Release|Any CPU
		{A14DDA92-0BCA-45A0-AAE3-A694BB9BF44A}.Release|Any CPU.Build.0 = Release|Any CPU
		{0A3F5AC5-06D8-41EF-BF30-C168278A233F}.Debug|Any CPU.ActiveCfg = Debug|Any CPU
		{0A3F5AC5-06D8-41EF-BF30-C168278A233F}.Debug|Any CPU.Build.0 = Debug|Any CPU
		{0A3F5AC5-06D8-41EF-BF30-C168278A233F}.Release|Any CPU.ActiveCfg = Release|Any CPU
		{0A3F5AC5-06D8-41EF-BF30-C168278A233F}.Release|Any CPU.Build.0 = Release|Any CPU
		{36068A4A-E27D-416F-8BDB-E2B966BBB88F}.Debug|Any CPU.ActiveCfg = Debug|Any CPU
		{36068A4A-E27D-416F-8BDB-E2B966BBB88F}.Debug|Any CPU.Build.0 = Debug|Any CPU
		{36068A4A-E27D-416F-8BDB-E2B966BBB88F}.Release|Any CPU.ActiveCfg = Release|Any CPU
		{36068A4A-E27D-416F-8BDB-E2B966BBB88F}.Release|Any CPU.Build.0 = Release|Any CPU
		{4FAAE509-C2DE-4E2F-A683-58D1026B9AB0}.Debug|Any CPU.ActiveCfg = Debug|Any CPU
		{4FAAE509-C2DE-4E2F-A683-58D1026B9AB0}.Debug|Any CPU.Build.0 = Debug|Any CPU
		{4FAAE509-C2DE-4E2F-A683-58D1026B9AB0}.Release|Any CPU.ActiveCfg = Release|Any CPU
		{4FAAE509-C2DE-4E2F-A683-58D1026B9AB0}.Release|Any CPU.Build.0 = Release|Any CPU
	EndGlobalSection
	GlobalSection(SolutionProperties) = preSolution
		HideSolutionNode = FALSE
	EndGlobalSection
	GlobalSection(NestedProjects) = preSolution
		{CA16D6D3-4320-433A-847E-3FF5C9F2421B} = {CB565208-3074-4D1F-9996-E53BDDDCEDCD}
		{A14DDA92-0BCA-45A0-AAE3-A694BB9BF44A} = {CA16D6D3-4320-433A-847E-3FF5C9F2421B}
		{669DED3C-BC68-4E0D-B132-E496BC47F17B} = {CB565208-3074-4D1F-9996-E53BDDDCEDCD}
		{36068A4A-E27D-416F-8BDB-E2B966BBB88F} = {669DED3C-BC68-4E0D-B132-E496BC47F17B}
		{4FAAE509-C2DE-4E2F-A683-58D1026B9AB0} = {669DED3C-BC68-4E0D-B132-E496BC47F17B}
	EndGlobalSection
	GlobalSection(ExtensibilityGlobals) = postSolution
		SolutionGuid = {387F05DA-FE78-4DB9-A981-AB25C9258C58}
	EndGlobalSection
EndGlobal
